
Microsoft Visual Studio Solution File, Format Version 12.00
# Visual Studio Version 16
VisualStudioVersion = 16.0.30611.23
MinimumVisualStudioVersion = 10.0.40219.1
Project("{FAE04EC0-301F-11D3-BF4B-00C04F79EFBC}") = "COVID19TriC", "COVID19TriC.csproj", "{5A4EC2C8-B7C2-47C3-A060-F0EDBE73B077}"
EndProject
Global
	GlobalSection(SolutionConfigurationPlatforms) = preSolution
		Debug|Any CPU = Debug|Any CPU
		Release|Any CPU = Release|Any CPU
	EndGlobalSection
	GlobalSection(ProjectConfigurationPlatforms) = postSolution
		{5A4EC2C8-B7C2-47C3-A060-F0EDBE73B077}.Debug|Any CPU.ActiveCfg = Debug|Any CPU
		{5A4EC2C8-B7C2-47C3-A060-F0EDBE73B077}.Debug|Any CPU.Build.0 = Debug|Any CPU
		{5A4EC2C8-B7C2-47C3-A060-F0EDBE73B077}.Release|Any CPU.ActiveCfg = Release|Any CPU
		{5A4EC2C8-B7C2-47C3-A060-F0EDBE73B077}.Release|Any CPU.Build.0 = Release|Any CPU
	EndGlobalSection
	GlobalSection(SolutionProperties) = preSolution
		HideSolutionNode = FALSE
	EndGlobalSection
	GlobalSection(ExtensibilityGlobals) = postSolution
		SolutionGuid = {30301E35-3F76-4073-A41A-8A938A62AE46}
	EndGlobalSection
EndGlobal
